# This file was autogenerated by Stack.
# You should not edit this file by hand.
# For more information, please see the documentation at:
#   https://docs.haskellstack.org/en/stable/lock_files

packages:
- completed:
    hackage: hedgehog-1.0@sha256:440dafedac48a34eac3871f8622b215462cfc0708536cb0458b7a8cf38247c69,4463
    pantry-tree:
      size: 2409
      sha256: 985f5ddc16bc1fd4b0c33d4b4e6f54d205fc63aa97b5912b0fcb370dc2a672e3
  original:
    hackage: hedgehog-1.0
- completed:
    hackage: hedgehog-classes-0.2.1@sha256:17efa4f03e2de7936c119266d8b3710b167b2615a3455b45461c2dfa23b82fb6,5351
    pantry-tree:
      size: 4974
      sha256: 625a4d7494774e9d1f58420c3520dc652d36798c97d7018763435e42fb8908e8
  original:
    hackage: hedgehog-classes-0.2.1
- completed:
    hackage: nanovg-0.6.0.0@sha256:326e73fe2c4ec56656fa42894c53a8e26b3e60449c69578f5f6da50c0ad60ed2,4146
    pantry-tree:
      size: 2477
      sha256: a5e327e2216aea778723aeb77d8868376ff4999d1b3cd4d4fe17d38d0ff04265
  original:
    hackage: nanovg-0.6.0.0
- completed:
    hackage: StateVar-1.1.1.1@sha256:cd3b516a49faf0627ea31885e012611e63600824976dcb276bcb2e92cdb0790f,1417
    pantry-tree:
      size: 314
      sha256: d2b673886d4d8866aecb9b7f32ec6719fa9a8f8d2ccccea059edc3c45db4e1f0
  original:
    hackage: StateVar-1.1.1.1@sha256:cd3b516a49faf0627ea31885e012611e63600824976dcb276bcb2e92cdb0790f,1417
- completed:
    cabal-file:
      size: 11219
      sha256: 036f43db9e3ac46d9c9b96b58b1b26defc6b39674633ff05886cb2159135520f
    name: sdl2
    version: 2.4.0.1
    git: https://github.com/haskell-game/sdl2
    pantry-tree:
      size: 6949
      sha256: d6ac403f4c9bf8622d1d2bb36276010c25bcb0a6f21db33f96f01af1d6ab6f7b
    commit: 647c5611e23ad2822e974d9868faa481059258ca
  original:
    git: https://github.com/haskell-game/sdl2
    commit: 647c5611e23ad2822e974d9868faa481059258ca
snapshots:
- completed:
    size: 524996
    url: https://raw.githubusercontent.com/commercialhaskell/stackage-snapshots/master/lts/14/27.yaml
    sha256: 7ea31a280c56bf36ff591a7397cc384d0dff622e7f9e4225b47d8980f019a0f0
  original: lts-14.27
