# This file was autogenerated by Stack.
# You should not edit this file by hand.
# For more information, please see the documentation at:
#   https://docs.haskellstack.org/en/stable/lock_files

packages:
- completed:
    name: nanovg
    version: 0.7.1.0
    git: https://github.com/fjvallarino/nanovg-hs
    pantry-tree:
      size: 5654
      sha256: adcda2a2a64a46c7dea05ab1be742b943d9c61a61454764a81bb3265dcdc877a
    commit: bb2fa74d1af58fd04e8794a8053701ba30ec2b08
  original:
    git: https://github.com/fjvallarino/nanovg-hs
    commit: bb2fa74d1af58fd04e8794a8053701ba30ec2b08
- completed:
    hackage: regex-posix-clib-2.7@sha256:998fca06da3d719818f0691ef0b8b9b7375afeea228cb08bd9e2db53f96b0cd7,1232
    pantry-tree:
      size: 524
      sha256: 5bf20952472d930323766d250f5fbbe3fe6f2cd3d931e5cf7b62a238ab2099ff
  original:
    hackage: regex-posix-clib-2.7@sha256:998fca06da3d719818f0691ef0b8b9b7375afeea228cb08bd9e2db53f96b0cd7,1232
snapshots:
- completed:
    size: 565712
    url: https://raw.githubusercontent.com/commercialhaskell/stackage-snapshots/master/lts/17/6.yaml
    sha256: 4e5e581a709c88e3fe26a9ce8bf331435729bead762fb5c190064c6c5bb1b835
  original: lts-17.6
