# This file was autogenerated by Stack.
# You should not edit this file by hand.
# For more information, please see the documentation at:
#   https://docs.haskellstack.org/en/stable/lock_files

packages:
- completed:
    hackage: hedgehog-classes-0.2.5@sha256:a37e4af8b8ddb3e92120d0a5ddd892f669fe75fc13dcfd9723850574530d1f2b,5723
    pantry-tree:
      size: 5192
      sha256: 965b5001ec24cddf85cf72f15ab99d335d0b19c0c8515f8b09fdc8b8d68c89b4
  original:
    hackage: hedgehog-classes-0.2.5
- completed:
    hackage: nanovg-0.6.0.0@sha256:326e73fe2c4ec56656fa42894c53a8e26b3e60449c69578f5f6da50c0ad60ed2,4146
    pantry-tree:
      size: 2477
      sha256: a5e327e2216aea778723aeb77d8868376ff4999d1b3cd4d4fe17d38d0ff04265
  original:
    hackage: nanovg-0.6.0.0
snapshots:
- completed:
    size: 533252
    url: https://raw.githubusercontent.com/commercialhaskell/stackage-snapshots/master/lts/16/25.yaml
    sha256: 147598b98bdd95ec0409bac125a4f1bff3cd4f8d73334d283d098f66a4bcc053
  original: lts-16.25
